
Microsoft Visual Studio Solution File, Format Version 12.00
# Visual Studio Version 16
VisualStudioVersion = 16.0.29209.62
MinimumVisualStudioVersion = 10.0.40219.1
Project("{888888A0-9F3D-457C-B088-3A5042F75D52}") = "FunctionWithArguments__Py", "FunctionWithArguments__Py.pyproj", "{DC35DE3B-0705-4642-B4D6-91D4D50C6CBB}"
EndProject
Global
	GlobalSection(SolutionConfigurationPlatforms) = preSolution
		Debug|Any CPU = Debug|Any CPU
		Release|Any CPU = Release|Any CPU
	EndGlobalSection
	GlobalSection(ProjectConfigurationPlatforms) = postSolution
		{DC35DE3B-0705-4642-B4D6-91D4D50C6CBB}.Debug|Any CPU.ActiveCfg = Debug|Any CPU
		{DC35DE3B-0705-4642-B4D6-91D4D50C6CBB}.Release|Any CPU.ActiveCfg = Release|Any CPU
	EndGlobalSection
	GlobalSection(SolutionProperties) = preSolution
		HideSolutionNode = FALSE
	EndGlobalSection
	GlobalSection(ExtensibilityGlobals) = postSolution
		SolutionGuid = {C18F239E-F11D-480A-8BD9-E5DC56792A6D}
	EndGlobalSection
EndGlobal
